
Microsoft Visual Studio Solution File, Format Version 12.00
# Visual Studio Version 17
VisualStudioVersion = 17.7.34009.444
MinimumVisualStudioVersion = 10.0.40219.1
Project("{FAE04EC0-301F-11D3-BF4B-00C04F79EFBC}") = "SimpleAntivirus", "SimpleAntivirus\SimpleAntivirus.csproj", "{833719AC-13AC-40FB-AF2E-2C056C70D621}"
EndProject
Global
	GlobalSection(SolutionConfigurationPlatforms) = preSolution
		Debug|Any CPU = Debug|Any CPU
		Release|Any CPU = Release|Any CPU
	EndGlobalSection
	GlobalSection(ProjectConfigurationPlatforms) = postSolution
		{833719AC-13AC-40FB-AF2E-2C056C70D621}.Debug|Any CPU.ActiveCfg = Debug|Any CPU
		{833719AC-13AC-40FB-AF2E-2C056C70D621}.Debug|Any CPU.Build.0 = Debug|Any CPU
		{833719AC-13AC-40FB-AF2E-2C056C70D621}.Release|Any CPU.ActiveCfg = Release|Any CPU
		{833719AC-13AC-40FB-AF2E-2C056C70D621}.Release|Any CPU.Build.0 = Release|Any CPU
	EndGlobalSection
	GlobalSection(SolutionProperties) = preSolution
		HideSolutionNode = FALSE
	EndGlobalSection
	GlobalSection(ExtensibilityGlobals) = postSolution
		SolutionGuid = {A51DBB97-EDA9-41DE-B891-773BB6A3510B}
	EndGlobalSection
EndGlobal
